
Microsoft Visual Studio Solution File, Format Version 12.00
# Visual Studio Version 17
VisualStudioVersion = 17.11.35219.272
MinimumVisualStudioVersion = 10.0.40219.1
Project("{FAE04EC0-301F-11D3-BF4B-00C04F79EFBC}") = "Send_Json", "Send_Json.csproj", "{33177540-42A8-4741-BDC8-D753D5FB0A84}"
EndProject
Global
	GlobalSection(SolutionConfigurationPlatforms) = preSolution
		Debug|Any CPU = Debug|Any CPU
		Release|Any CPU = Release|Any CPU
	EndGlobalSection
	GlobalSection(ProjectConfigurationPlatforms) = postSolution
		{33177540-42A8-4741-BDC8-D753D5FB0A84}.Debug|Any CPU.ActiveCfg = Debug|Any CPU
		{33177540-42A8-4741-BDC8-D753D5FB0A84}.Debug|Any CPU.Build.0 = Debug|Any CPU
		{33177540-42A8-4741-BDC8-D753D5FB0A84}.Release|Any CPU.ActiveCfg = Release|Any CPU
		{33177540-42A8-4741-BDC8-D753D5FB0A84}.Release|Any CPU.Build.0 = Release|Any CPU
	EndGlobalSection
	GlobalSection(SolutionProperties) = preSolution
		HideSolutionNode = FALSE
	EndGlobalSection
	GlobalSection(ExtensibilityGlobals) = postSolution
		SolutionGuid = {899701B3-E8BB-4BEB-BDFA-B60EA4C86BC9}
	EndGlobalSection
EndGlobal
